// !$*UTF8*$!
{
	archiveVersion = 1;
	classes = {
	};
	objectVersion = 77;
	objects = {

/* Begin PBXBuildFile section */
		0711351D3037043600AC131E /* MarkdownUI in Frameworks */ = {isa = PBXBuildFile; productRef = 0711351C3037043600AC131E /* MarkdownUI */; };
		1F3ACD69B52B435298330DDD /* MarkdownDocument.swift in Sources */ = {isa = PBXBuildFile; fileRef = 8BFB66A34FE0D074B20808ED /* MarkdownDocument.swift */; };
		2534BC7F7EEED63706B31A57 /* MarkdownUI in Frameworks */ = {isa = PBXBuildFile; productRef = 36A2044F1DB64847957E5C91 /* MarkdownUI */; };
		329C8A6D2BC6C496B400B039 /* PrivacyInfo.xcprivacy in Resources */ = {isa = PBXBuildFile; fileRef = 021F58C35C561F70ADBC2BAC /* PrivacyInfo.xcprivacy */; };
		6277079D31413FB1588D3E66 /* MarkdownDocument.swift in Sources */ = {isa = PBXBuildFile; fileRef = 8BFB66A34FE0D074B20808ED /* MarkdownDocument.swift */; };
		6577216D633AD899B25D261C /* Highlightr in Frameworks */ = {isa = PBXBuildFile; productRef = 02A4013D95F2D7E0A55AEF14 /* Highlightr */; };
		7A93A0912E8E5C037FE69918 /* Foundation.framework in Frameworks */ = {isa = PBXBuildFile; fileRef = CC2CBBCA03C04D370582E232 /* Foundation.framework */; };
		C07F649CBFF9AF5A4AE6D525 /* ShareMarkdownView.swift in Sources */ = {isa = PBXBuildFile; fileRef = 11733AF827EF488B2827C882 /* ShareMarkdownView.swift */; };
		E25154232EEBE8031DEDF99A /* Foundation.framework in Frameworks */ = {isa = PBXBuildFile; fileRef = CC2CBBCA03C04D370582E232 /* Foundation.framework */; };
		E7FBEE15B98351D9C8E0BE3F /* DocumentViewTests.swift in Sources */ = {isa = PBXBuildFile; fileRef = 65AC828D8063669DA40516C6 /* DocumentViewTests.swift */; };
		F09FF8A887F143E21843614D /* ShareExtension.appex in Embed Foundation Extensions */ = {isa = PBXBuildFile; fileRef = 28D91C7732C42B6A9E591E63 /* ShareExtension.appex */; settings = {ATTRIBUTES = (RemoveHeadersOnCopy, ); }; };
		F9377B32045948206EDCDC3C /* ShareViewController.swift in Sources */ = {isa = PBXBuildFile; fileRef = 5767D86ACF34E68B083D5984 /* ShareViewController.swift */; };
/* End PBXBuildFile section */

/* Begin PBXContainerItemProxy section */
		2EC6718D044A70245DE56EF0 /* PBXContainerItemProxy */ = {
			isa = PBXContainerItemProxy;
			containerPortal = 071135053037029D00AC131E /* Project object */;
			proxyType = 1;
			remoteGlobalIDString = 0711350C3037029E00AC131E;
			remoteInfo = "md Viewer";
		};
		4439085C5D18AF5DB5C86A4F /* PBXContainerItemProxy */ = {
			isa = PBXContainerItemProxy;
			containerPortal = 071135053037029D00AC131E /* Project object */;
			proxyType = 1;
			remoteGlobalIDString = 01F6274792F89A2B1E08221B;
			remoteInfo = ShareExtension;
		};
/* End PBXContainerItemProxy section */

/* Begin PBXCopyFilesBuildPhase section */
		003602E393A4390B0E941600 /* Embed Foundation Extensions */ = {
			isa = PBXCopyFilesBuildPhase;
			buildActionMask = 2147483647;
			dstPath = "";
			dstSubfolderSpec = 13;
			files = (
				F09FF8A887F143E21843614D /* ShareExtension.appex in Embed Foundation Extensions */,
			);
			name = "Embed Foundation Extensions";
			runOnlyForDeploymentPostprocessing = 0;
		};
/* End PBXCopyFilesBuildPhase section */

/* Begin PBXFileReference section */
		021F58C35C561F70ADBC2BAC /* PrivacyInfo.xcprivacy */ = {isa = PBXFileReference; includeInIndex = 1; path = PrivacyInfo.xcprivacy; sourceTree = "<group>"; };
		0711350D3037029E00AC131E /* md Viewer.app */ = {isa = PBXFileReference; explicitFileType = wrapper.application; includeInIndex = 0; path = "md Viewer.app"; sourceTree = BUILT_PRODUCTS_DIR; };
		11733AF827EF488B2827C882 /* ShareMarkdownView.swift */ = {isa = PBXFileReference; includeInIndex = 1; lastKnownFileType = sourcecode.swift; path = ShareMarkdownView.swift; sourceTree = "<group>"; };
		28D91C7732C42B6A9E591E63 /* ShareExtension.appex */ = {isa = PBXFileReference; explicitFileType = "wrapper.app-extension"; includeInIndex = 0; path = ShareExtension.appex; sourceTree = BUILT_PRODUCTS_DIR; };
		3BC528220233B80D36AA61A1 /* md ViewerTests.xctest */ = {isa = PBXFileReference; explicitFileType = wrapper.cfbundle; includeInIndex = 0; path = "md ViewerTests.xctest"; sourceTree = BUILT_PRODUCTS_DIR; };
		5767D86ACF34E68B083D5984 /* ShareViewController.swift */ = {isa = PBXFileReference; includeInIndex = 1; lastKnownFileType = sourcecode.swift; path = ShareViewController.swift; sourceTree = "<group>"; };
		65AC828D8063669DA40516C6 /* DocumentViewTests.swift */ = {isa = PBXFileReference; includeInIndex = 1; lastKnownFileType = sourcecode.swift; path = DocumentViewTests.swift; sourceTree = "<group>"; };
		696367B301E53954641FB059 /* Info.plist */ = {isa = PBXFileReference; includeInIndex = 1; lastKnownFileType = text.plist.xml; path = Info.plist; sourceTree = "<group>"; };
		8BFB66A34FE0D074B20808ED /* MarkdownDocument.swift */ = {isa = PBXFileReference; includeInIndex = 1; lastKnownFileType = sourcecode.swift; path = MarkdownDocument.swift; sourceTree = "<group>"; };
		CC2CBBCA03C04D370582E232 /* Foundation.framework */ = {isa = PBXFileReference; lastKnownFileType = wrapper.framework; name = Foundation.framework; path = Platforms/iPhoneOS.platform/Developer/SDKs/iPhoneOS18.0.sdk/System/Library/Frameworks/Foundation.framework; sourceTree = DEVELOPER_DIR; };
/* End PBXFileReference section */

/* Begin PBXFileSystemSynchronizedBuildFileExceptionSet section */
		0711352030370C1700AC131E /* Exceptions for "md Viewer" folder in "md Viewer" target */ = {
			isa = PBXFileSystemSynchronizedBuildFileExceptionSet;
			membershipExceptions = (
				Info.plist,
			);
			target = 0711350C3037029E00AC131E /* md Viewer */;
		};
/* End PBXFileSystemSynchronizedBuildFileExceptionSet section */

/* Begin PBXFileSystemSynchronizedRootGroup section */
		0711350F3037029E00AC131E /* md Viewer */ = {
			isa = PBXFileSystemSynchronizedRootGroup;
			exceptions = (
				0711352030370C1700AC131E /* Exceptions for "md Viewer" folder in "md Viewer" target */,
			);
			path = "md Viewer";
			sourceTree = "<group>";
		};
/* End PBXFileSystemSynchronizedRootGroup section */

/* Begin PBXFrameworksBuildPhase section */
		0711350A3037029E00AC131E /* Frameworks */ = {
			isa = PBXFrameworksBuildPhase;
			buildActionMask = 2147483647;
			files = (
				0711351D3037043600AC131E /* MarkdownUI in Frameworks */,
				6577216D633AD899B25D261C /* Highlightr in Frameworks */,
			);
			runOnlyForDeploymentPostprocessing = 0;
		};
		455C10386493FDC590872334 /* Frameworks */ = {
			isa = PBXFrameworksBuildPhase;
			buildActionMask = 2147483647;
			files = (
				E25154232EEBE8031DEDF99A /* Foundation.framework in Frameworks */,
				2534BC7F7EEED63706B31A57 /* MarkdownUI in Frameworks */,
			);
			runOnlyForDeploymentPostprocessing = 0;
		};
		BB323A99DF8F2D54FAFDCE8E /* Frameworks */ = {
			isa = PBXFrameworksBuildPhase;
			buildActionMask = 2147483647;
			files = (
				7A93A0912E8E5C037FE69918 /* Foundation.framework in Frameworks */,
			);
			runOnlyForDeploymentPostprocessing = 0;
		};
/* End PBXFrameworksBuildPhase section */

/* Begin PBXGroup section */
		071135043037029D00AC131E = {
			isa = PBXGroup;
			children = (
				0711350F3037029E00AC131E /* md Viewer */,
				0711350E3037029E00AC131E /* Products */,
				4717F035A3A76BEE67E34CC4 /* md ViewerTests */,
				DD7E58049FA652DEAB47FBE2 /* Frameworks */,
				E2B98F10D06224A957FD751F /* Shared */,
				F0C5C5F706F671EC362629AC /* ShareExtension */,
			);
			sourceTree = "<group>";
		};
		0711350E3037029E00AC131E /* Products */ = {
			isa = PBXGroup;
			children = (
				0711350D3037029E00AC131E /* md Viewer.app */,
				3BC528220233B80D36AA61A1 /* md ViewerTests.xctest */,
				28D91C7732C42B6A9E591E63 /* ShareExtension.appex */,
			);
			name = Products;
			sourceTree = "<group>";
		};
		20FFD7D8511A4264530C58A2 /* iOS */ = {
			isa = PBXGroup;
			children = (
				CC2CBBCA03C04D370582E232 /* Foundation.framework */,
			);
			name = iOS;
			sourceTree = "<group>";
		};
		4717F035A3A76BEE67E34CC4 /* md ViewerTests */ = {
			isa = PBXGroup;
			children = (
				65AC828D8063669DA40516C6 /* DocumentViewTests.swift */,
			);
			name = "md ViewerTests";
			path = "md ViewerTests";
			sourceTree = "<group>";
		};
		DD7E58049FA652DEAB47FBE2 /* Frameworks */ = {
			isa = PBXGroup;
			children = (
				20FFD7D8511A4264530C58A2 /* iOS */,
			);
			name = Frameworks;
			sourceTree = "<group>";
		};
		E2B98F10D06224A957FD751F /* Shared */ = {
			isa = PBXGroup;
			children = (
				8BFB66A34FE0D074B20808ED /* MarkdownDocument.swift */,
			);
			name = Shared;
			path = Shared;
			sourceTree = "<group>";
		};
		F0C5C5F706F671EC362629AC /* ShareExtension */ = {
			isa = PBXGroup;
			children = (
				5767D86ACF34E68B083D5984 /* ShareViewController.swift */,
				11733AF827EF488B2827C882 /* ShareMarkdownView.swift */,
				021F58C35C561F70ADBC2BAC /* PrivacyInfo.xcprivacy */,
				696367B301E53954641FB059 /* Info.plist */,
			);
			name = ShareExtension;
			path = ShareExtension;
			sourceTree = "<group>";
		};
/* End PBXGroup section */

/* Begin PBXNativeTarget section */
		01F6274792F89A2B1E08221B /* ShareExtension */ = {
			isa = PBXNativeTarget;
			buildConfigurationList = 1D498DF7273902AADC7E693D /* Build configuration list for PBXNativeTarget "ShareExtension" */;
			buildPhases = (
				D36C0D36196CEAB4F4F7A47C /* Sources */,
				455C10386493FDC590872334 /* Frameworks */,
				E546370D0AE4F2A6EBACD4C6 /* Resources */,
			);
			buildRules = (
			);
			dependencies = (
			);
			name = ShareExtension;
			packageProductDependencies = (
				36A2044F1DB64847957E5C91 /* MarkdownUI */,
			);
			productName = ShareExtension;
			productReference = 28D91C7732C42B6A9E591E63 /* ShareExtension.appex */;
			productType = "com.apple.product-type.app-extension";
		};
		0711350C3037029E00AC131E /* md Viewer */ = {
			isa = PBXNativeTarget;
			buildConfigurationList = 07113518303702A000AC131E /* Build configuration list for PBXNativeTarget "md Viewer" */;
			buildPhases = (
				071135093037029E00AC131E /* Sources */,
				0711350A3037029E00AC131E /* Frameworks */,
				0711350B3037029E00AC131E /* Resources */,
				003602E393A4390B0E941600 /* Embed Foundation Extensions */,
			);
			buildRules = (
			);
			dependencies = (
				FBF69BF508F264462F68B685 /* PBXTargetDependency */,
			);
			fileSystemSynchronizedGroups = (
				0711350F3037029E00AC131E /* md Viewer */,
			);
			name = "md Viewer";
			packageProductDependencies = (
				0711351C3037043600AC131E /* MarkdownUI */,
				02A4013D95F2D7E0A55AEF14 /* Highlightr */,
			);
			productName = "md Viewer";
			productReference = 0711350D3037029E00AC131E /* md Viewer.app */;
			productType = "com.apple.product-type.application";
		};
		A0B3F236ABC82F80A82DFE6B /* md ViewerTests */ = {
			isa = PBXNativeTarget;
			buildConfigurationList = 4BE599179D6CCDFB5340DF6D /* Build configuration list for PBXNativeTarget "md ViewerTests" */;
			buildPhases = (
				C1F61160C5C900E712B006BF /* Sources */,
				BB323A99DF8F2D54FAFDCE8E /* Frameworks */,
				0D09F6778CADC0946C266BCC /* Resources */,
			);
			buildRules = (
			);
			dependencies = (
				2F875DF39DDD9FFF7F5F234D /* PBXTargetDependency */,
			);
			name = "md ViewerTests";
			productName = "md ViewerTests";
			productReference = 3BC528220233B80D36AA61A1 /* md ViewerTests.xctest */;
			productType = "com.apple.product-type.bundle.unit-test";
		};
/* End PBXNativeTarget section */

/* Begin PBXProject section */
		071135053037029D00AC131E /* Project object */ = {
			isa = PBXProject;
			attributes = {
				BuildIndependentTargetsInParallel = 1;
				LastSwiftUpdateCheck = 2640;
				LastUpgradeCheck = 2640;
				TargetAttributes = {
					0711350C3037029E00AC131E = {
						CreatedOnToolsVersion = 26.4;
					};
					A0B3F236ABC82F80A82DFE6B = {
						CreatedOnToolsVersion = 26.4;
						TestTargetID = 0711350C3037029E00AC131E;
					};
				};
			};
			buildConfigurationList = 071135083037029E00AC131E /* Build configuration list for PBXProject "md Viewer" */;
			developmentRegion = en;
			hasScannedForEncodings = 0;
			knownRegions = (
				en,
				Base,
			);
			mainGroup = 071135043037029D00AC131E;
			minimizedProjectReferenceProxies = 1;
			packageReferences = (
				0711351B3037043500AC131E /* XCRemoteSwiftPackageReference "swift-markdown-ui" */,
				F2AE9BEF13E209557D26B9E8 /* XCRemoteSwiftPackageReference "Highlightr" */,
			);
			preferredProjectObjectVersion = 77;
			productRefGroup = 0711350E3037029E00AC131E /* Products */;
			projectDirPath = "";
			projectRoot = "";
			targets = (
				0711350C3037029E00AC131E /* md Viewer */,
				A0B3F236ABC82F80A82DFE6B /* md ViewerTests */,
				01F6274792F89A2B1E08221B /* ShareExtension */,
			);
		};
/* End PBXProject section */

/* Begin PBXResourcesBuildPhase section */
		0711350B3037029E00AC131E /* Resources */ = {
			isa = PBXResourcesBuildPhase;
			buildActionMask = 2147483647;
			files = (
			);
			runOnlyForDeploymentPostprocessing = 0;
		};
		0D09F6778CADC0946C266BCC /* Resources */ = {
			isa = PBXResourcesBuildPhase;
			buildActionMask = 2147483647;
			files = (
			);
			runOnlyForDeploymentPostprocessing = 0;
		};
		E546370D0AE4F2A6EBACD4C6 /* Resources */ = {
			isa = PBXResourcesBuildPhase;
			buildActionMask = 2147483647;
			files = (
				329C8A6D2BC6C496B400B039 /* PrivacyInfo.xcprivacy in Resources */,
			);
			runOnlyForDeploymentPostprocessing = 0;
		};
/* End PBXResourcesBuildPhase section */

/* Begin PBXSourcesBuildPhase section */
		071135093037029E00AC131E /* Sources */ = {
			isa = PBXSourcesBuildPhase;
			buildActionMask = 2147483647;
			files = (
				6277079D31413FB1588D3E66 /* MarkdownDocument.swift in Sources */,
			);
			runOnlyForDeploymentPostprocessing = 0;
		};
		C1F61160C5C900E712B006BF /* Sources */ = {
			isa = PBXSourcesBuildPhase;
			buildActionMask = 2147483647;
			files = (
				E7FBEE15B98351D9C8E0BE3F /* DocumentViewTests.swift in Sources */,
			);
			runOnlyForDeploymentPostprocessing = 0;
		};
		D36C0D36196CEAB4F4F7A47C /* Sources */ = {
			isa = PBXSourcesBuildPhase;
			buildActionMask = 2147483647;
			files = (
				1F3ACD69B52B435298330DDD /* MarkdownDocument.swift in Sources */,
				F9377B32045948206EDCDC3C /* ShareViewController.swift in Sources */,
				C07F649CBFF9AF5A4AE6D525 /* ShareMarkdownView.swift in Sources */,
			);
			runOnlyForDeploymentPostprocessing = 0;
		};
/* End PBXSourcesBuildPhase section */

/* Begin PBXTargetDependency section */
		2F875DF39DDD9FFF7F5F234D /* PBXTargetDependency */ = {
			isa = PBXTargetDependency;
			name = "md Viewer";
			target = 0711350C3037029E00AC131E /* md Viewer */;
			targetProxy = 2EC6718D044A70245DE56EF0 /* PBXContainerItemProxy */;
		};
		FBF69BF508F264462F68B685 /* PBXTargetDependency */ = {
			isa = PBXTargetDependency;
			name = ShareExtension;
			target = 01F6274792F89A2B1E08221B /* ShareExtension */;
			targetProxy = 4439085C5D18AF5DB5C86A4F /* PBXContainerItemProxy */;
		};
/* End PBXTargetDependency section */

/* Begin XCBuildConfiguration section */
		07113516303702A000AC131E /* Debug */ = {
			isa = XCBuildConfiguration;
			buildSettings = {
				ALWAYS_SEARCH_USER_PATHS = NO;
				ASSETCATALOG_COMPILER_GENERATE_SWIFT_ASSET_SYMBOL_EXTENSIONS = YES;
				CLANG_ANALYZER_NONNULL = YES;
				CLANG_ANALYZER_NUMBER_OBJECT_CONVERSION = YES_AGGRESSIVE;
				CLANG_CXX_LANGUAGE_STANDARD = "gnu++20";
				CLANG_ENABLE_MODULES = YES;
				CLANG_ENABLE_OBJC_ARC = YES;
				CLANG_ENABLE_OBJC_WEAK = YES;
				CLANG_WARN_BLOCK_CAPTURE_AUTORELEASING = YES;
				CLANG_WARN_BOOL_CONVERSION = YES;
				CLANG_WARN_COMMA = YES;
				CLANG_WARN_CONSTANT_CONVERSION = YES;
				CLANG_WARN_DEPRECATED_OBJC_IMPLEMENTATIONS = YES;
				CLANG_WARN_DIRECT_OBJC_ISA_USAGE = YES_ERROR;
				CLANG_WARN_DOCUMENTATION_COMMENTS = YES;
				CLANG_WARN_EMPTY_BODY = YES;
				CLANG_WARN_ENUM_CONVERSION = YES;
				CLANG_WARN_INFINITE_RECURSION = YES;
				CLANG_WARN_INT_CONVERSION = YES;
				CLANG_WARN_NON_LITERAL_NULL_CONVERSION = YES;
				CLANG_WARN_OBJC_IMPLICIT_RETAIN_SELF = YES;
				CLANG_WARN_OBJC_LITERAL_CONVERSION = YES;
				CLANG_WARN_OBJC_ROOT_CLASS = YES_ERROR;
				CLANG_WARN_QUOTED_INCLUDE_IN_FRAMEWORK_HEADER = YES;
				CLANG_WARN_RANGE_LOOP_ANALYSIS = YES;
				CLANG_WARN_STRICT_PROTOTYPES = YES;
				CLANG_WARN_SUSPICIOUS_MOVE = YES;
				CLANG_WARN_UNGUARDED_AVAILABILITY = YES_AGGRESSIVE;
				CLANG_WARN_UNREACHABLE_CODE = YES;
				CLANG_WARN__DUPLICATE_METHOD_MATCH = YES;
				COPY_PHASE_STRIP = NO;
				DEBUG_INFORMATION_FORMAT = dwarf;
				ENABLE_STRICT_OBJC_MSGSEND = YES;
				ENABLE_TESTABILITY = YES;
				ENABLE_USER_SCRIPT_SANDBOXING = YES;
				GCC_C_LANGUAGE_STANDARD = gnu17;
				GCC_DYNAMIC_NO_PIC = NO;
				GCC_NO_COMMON_BLOCKS = YES;
				GCC_OPTIMIZATION_LEVEL = 0;
				GCC_PREPROCESSOR_DEFINITIONS = (
					"DEBUG=1",
					"$(inherited)",
				);
				GCC_WARN_64_TO_32_BIT_CONVERSION = YES;
				GCC_WARN_ABOUT_RETURN_TYPE = YES_ERROR;
				GCC_WARN_UNDECLARED_SELECTOR = YES;
				GCC_WARN_UNINITIALIZED_AUTOS = YES_AGGRESSIVE;
				GCC_WARN_UNUSED_FUNCTION = YES;
				GCC_WARN_UNUSED_VARIABLE = YES;
				IPHONEOS_DEPLOYMENT_TARGET = 17.0;
				LOCALIZATION_PREFERS_STRING_CATALOGS = YES;
				MTL_ENABLE_DEBUG_INFO = INCLUDE_SOURCE;
				MTL_FAST_MATH = YES;
				ONLY_ACTIVE_ARCH = YES;
				SDKROOT = iphoneos;
				SWIFT_ACTIVE_COMPILATION_CONDITIONS = "DEBUG $(inherited)";
				SWIFT_OPTIMIZATION_LEVEL = "-Onone";
			};
			name = Debug;
		};
		07113517303702A000AC131E /* Release */ = {
			isa = XCBuildConfiguration;
			buildSettings = {
				ALWAYS_SEARCH_USER_PATHS = NO;
				ASSETCATALOG_COMPILER_GENERATE_SWIFT_ASSET_SYMBOL_EXTENSIONS = YES;
				CLANG_ANALYZER_NONNULL = YES;
				CLANG_ANALYZER_NUMBER_OBJECT_CONVERSION = YES_AGGRESSIVE;
				CLANG_CXX_LANGUAGE_STANDARD = "gnu++20";
				CLANG_ENABLE_MODULES = YES;
				CLANG_ENABLE_OBJC_ARC = YES;
				CLANG_ENABLE_OBJC_WEAK = YES;
				CLANG_WARN_BLOCK_CAPTURE_AUTORELEASING = YES;
				CLANG_WARN_BOOL_CONVERSION = YES;
				CLANG_WARN_COMMA = YES;
				CLANG_WARN_CONSTANT_CONVERSION = YES;
				CLANG_WARN_DEPRECATED_OBJC_IMPLEMENTATIONS = YES;
				CLANG_WARN_DIRECT_OBJC_ISA_USAGE = YES_ERROR;
				CLANG_WARN_DOCUMENTATION_COMMENTS = YES;
				CLANG_WARN_EMPTY_BODY = YES;
				CLANG_WARN_ENUM_CONVERSION = YES;
				CLANG_WARN_INFINITE_RECURSION = YES;
				CLANG_WARN_INT_CONVERSION = YES;
				CLANG_WARN_NON_LITERAL_NULL_CONVERSION = YES;
				CLANG_WARN_OBJC_IMPLICIT_RETAIN_SELF = YES;
				CLANG_WARN_OBJC_LITERAL_CONVERSION = YES;
				CLANG_WARN_OBJC_ROOT_CLASS = YES_ERROR;
				CLANG_WARN_QUOTED_INCLUDE_IN_FRAMEWORK_HEADER = YES;
				CLANG_WARN_RANGE_LOOP_ANALYSIS = YES;
				CLANG_WARN_STRICT_PROTOTYPES = YES;
				CLANG_WARN_SUSPICIOUS_MOVE = YES;
				CLANG_WARN_UNGUARDED_AVAILABILITY = YES_AGGRESSIVE;
				CLANG_WARN_UNREACHABLE_CODE = YES;
				CLANG_WARN__DUPLICATE_METHOD_MATCH = YES;
				COPY_PHASE_STRIP = NO;
				DEBUG_INFORMATION_FORMAT = "dwarf-with-dsym";
				ENABLE_NS_ASSERTIONS = NO;
				ENABLE_STRICT_OBJC_MSGSEND = YES;
				ENABLE_USER_SCRIPT_SANDBOXING = YES;
				GCC_C_LANGUAGE_STANDARD = gnu17;
				GCC_NO_COMMON_BLOCKS = YES;
				GCC_WARN_64_TO_32_BIT_CONVERSION = YES;
				GCC_WARN_ABOUT_RETURN_TYPE = YES_ERROR;
				GCC_WARN_UNDECLARED_SELECTOR = YES;
				GCC_WARN_UNINITIALIZED_AUTOS = YES_AGGRESSIVE;
				GCC_WARN_UNUSED_FUNCTION = YES;
				GCC_WARN_UNUSED_VARIABLE = YES;
				IPHONEOS_DEPLOYMENT_TARGET = 17.0;
				LOCALIZATION_PREFERS_STRING_CATALOGS = YES;
				MTL_ENABLE_DEBUG_INFO = NO;
				MTL_FAST_MATH = YES;
				SDKROOT = iphoneos;
				SWIFT_COMPILATION_MODE = wholemodule;
				VALIDATE_PRODUCT = YES;
			};
			name = Release;
		};
		07113519303702A000AC131E /* Debug */ = {
			isa = XCBuildConfiguration;
			buildSettings = {
				ASSETCATALOG_COMPILER_APPICON_NAME = AppIcon;
				ASSETCATALOG_COMPILER_GLOBAL_ACCENT_COLOR_NAME = AccentColor;
				CODE_SIGN_STYLE = Automatic;
				CURRENT_PROJECT_VERSION = 1;
				DEVELOPMENT_TEAM = 2Y8RS9U52W;
				ENABLE_PREVIEWS = YES;
				GENERATE_INFOPLIST_FILE = YES;
				INFOPLIST_FILE = "md Viewer/Info.plist";
				INFOPLIST_KEY_UIApplicationSceneManifest_Generation = YES;
				INFOPLIST_KEY_UIApplicationSupportsIndirectInputEvents = YES;
				INFOPLIST_KEY_UILaunchScreen_Generation = YES;
				INFOPLIST_KEY_UISupportedInterfaceOrientations_iPad = "UIInterfaceOrientationPortrait UIInterfaceOrientationPortraitUpsideDown UIInterfaceOrientationLandscapeLeft UIInterfaceOrientationLandscapeRight";
				INFOPLIST_KEY_UISupportedInterfaceOrientations_iPhone = "UIInterfaceOrientationPortrait UIInterfaceOrientationLandscapeLeft UIInterfaceOrientationLandscapeRight";
				LD_RUNPATH_SEARCH_PATHS = (
					"$(inherited)",
					"@executable_path/Frameworks",
				);
				MARKETING_VERSION = 1.0;
				PRODUCT_BUNDLE_IDENTIFIER = "com.eribert.md-Viewer";
				PRODUCT_NAME = "$(TARGET_NAME)";
				STRING_CATALOG_GENERATE_SYMBOLS = YES;
				SWIFT_APPROACHABLE_CONCURRENCY = YES;
				SWIFT_DEFAULT_ACTOR_ISOLATION = MainActor;
				SWIFT_EMIT_LOC_STRINGS = YES;
				SWIFT_UPCOMING_FEATURE_MEMBER_IMPORT_VISIBILITY = YES;
				SWIFT_VERSION = 5.0;
				TARGETED_DEVICE_FAMILY = "1,2";
			};
			name = Debug;
		};
		0711351A303702A000AC131E /* Release */ = {
			isa = XCBuildConfiguration;
			buildSettings = {
				ASSETCATALOG_COMPILER_APPICON_NAME = AppIcon;
				ASSETCATALOG_COMPILER_GLOBAL_ACCENT_COLOR_NAME = AccentColor;
				CODE_SIGN_STYLE = Automatic;
				CURRENT_PROJECT_VERSION = 1;
				DEVELOPMENT_TEAM = 2Y8RS9U52W;
				ENABLE_PREVIEWS = YES;
				GENERATE_INFOPLIST_FILE = YES;
				INFOPLIST_FILE = "md Viewer/Info.plist";
				INFOPLIST_KEY_UIApplicationSceneManifest_Generation = YES;
				INFOPLIST_KEY_UIApplicationSupportsIndirectInputEvents = YES;
				INFOPLIST_KEY_UILaunchScreen_Generation = YES;
				INFOPLIST_KEY_UISupportedInterfaceOrientations_iPad = "UIInterfaceOrientationPortrait UIInterfaceOrientationPortraitUpsideDown UIInterfaceOrientationLandscapeLeft UIInterfaceOrientationLandscapeRight";
				INFOPLIST_KEY_UISupportedInterfaceOrientations_iPhone = "UIInterfaceOrientationPortrait UIInterfaceOrientationLandscapeLeft UIInterfaceOrientationLandscapeRight";
				LD_RUNPATH_SEARCH_PATHS = (
					"$(inherited)",
					"@executable_path/Frameworks",
				);
				MARKETING_VERSION = 1.0;
				PRODUCT_BUNDLE_IDENTIFIER = "com.eribert.md-Viewer";
				PRODUCT_NAME = "$(TARGET_NAME)";
				STRING_CATALOG_GENERATE_SYMBOLS = YES;
				SWIFT_APPROACHABLE_CONCURRENCY = YES;
				SWIFT_DEFAULT_ACTOR_ISOLATION = MainActor;
				SWIFT_EMIT_LOC_STRINGS = YES;
				SWIFT_UPCOMING_FEATURE_MEMBER_IMPORT_VISIBILITY = YES;
				SWIFT_VERSION = 5.0;
				TARGETED_DEVICE_FAMILY = "1,2";
			};
			name = Release;
		};
		27B6B4511EE3A41A4E26F6E2 /* Release */ = {
			isa = XCBuildConfiguration;
			buildSettings = {
				ASSETCATALOG_COMPILER_GENERATE_SWIFT_ASSET_SYMBOL_EXTENSIONS = YES;
				CLANG_ENABLE_MODULES = YES;
				CLANG_ENABLE_OBJC_WEAK = NO;
				CODE_SIGN_STYLE = Automatic;
				CURRENT_PROJECT_VERSION = 1;
				DEVELOPMENT_TEAM = 2Y8RS9U52W;
				ENABLE_USER_SCRIPT_SANDBOXING = YES;
				GENERATE_INFOPLIST_FILE = YES;
				INFOPLIST_FILE = ShareExtension/Info.plist;
				INFOPLIST_KEY_CFBundleDisplayName = "md Viewer";
				IPHONEOS_DEPLOYMENT_TARGET = 17.0;
				LD_RUNPATH_SEARCH_PATHS = (
					"$(inherited)",
					"@executable_path/Frameworks",
					"@executable_path/../../Frameworks",
				);
				MARKETING_VERSION = 1.0;
				PRODUCT_BUNDLE_IDENTIFIER = "com.eribert.md-Viewer.ShareExtension";
				PRODUCT_NAME = "$(TARGET_NAME)";
				SDKROOT = iphoneos;
				SKIP_INSTALL = YES;
				SWIFT_COMPILATION_MODE = wholemodule;
				SWIFT_EMIT_LOC_STRINGS = YES;
				SWIFT_VERSION = 5.0;
				TARGETED_DEVICE_FAMILY = "1,2";
				VALIDATE_PRODUCT = YES;
			};
			name = Release;
		};
		A800C207ECA44ACB9EDFBAB5 /* Debug */ = {
			isa = XCBuildConfiguration;
			buildSettings = {
				ASSETCATALOG_COMPILER_GENERATE_SWIFT_ASSET_SYMBOL_EXTENSIONS = YES;
				CLANG_ENABLE_MODULES = YES;
				CLANG_ENABLE_OBJC_WEAK = NO;
				CODE_SIGN_STYLE = Automatic;
				CURRENT_PROJECT_VERSION = 1;
				DEVELOPMENT_TEAM = 2Y8RS9U52W;
				ENABLE_USER_SCRIPT_SANDBOXING = YES;
				GENERATE_INFOPLIST_FILE = YES;
				INFOPLIST_FILE = ShareExtension/Info.plist;
				INFOPLIST_KEY_CFBundleDisplayName = "md Viewer";
				IPHONEOS_DEPLOYMENT_TARGET = 17.0;
				LD_RUNPATH_SEARCH_PATHS = (
					"$(inherited)",
					"@executable_path/Frameworks",
					"@executable_path/../../Frameworks",
				);
				MARKETING_VERSION = 1.0;
				PRODUCT_BUNDLE_IDENTIFIER = "com.eribert.md-Viewer.ShareExtension";
				PRODUCT_NAME = "$(TARGET_NAME)";
				SDKROOT = iphoneos;
				SKIP_INSTALL = YES;
				SWIFT_ACTIVE_COMPILATION_CONDITIONS = "DEBUG $(inherited)";
				SWIFT_EMIT_LOC_STRINGS = YES;
				SWIFT_OPTIMIZATION_LEVEL = "-Onone";
				SWIFT_VERSION = 5.0;
				TARGETED_DEVICE_FAMILY = "1,2";
			};
			name = Debug;
		};
		B173A41430B88134BEB7EADD /* Debug */ = {
			isa = XCBuildConfiguration;
			buildSettings = {
				BUNDLE_LOADER = "$(TEST_HOST)";
				CLANG_ENABLE_OBJC_WEAK = NO;
				CODE_SIGN_STYLE = Automatic;
				DEVELOPMENT_TEAM = 2Y8RS9U52W;
				GENERATE_INFOPLIST_FILE = YES;
				IPHONEOS_DEPLOYMENT_TARGET = 17.0;
				PRODUCT_BUNDLE_IDENTIFIER = "com.eribert.md-Viewer.Tests";
				PRODUCT_NAME = "$(TARGET_NAME)";
				SDKROOT = iphoneos;
				SWIFT_EMIT_LOC_STRINGS = NO;
				SWIFT_VERSION = 5.0;
				TARGETED_DEVICE_FAMILY = "1,2";
				TEST_HOST = "$(BUILT_PRODUCTS_DIR)/md Viewer.app/md Viewer";
			};
			name = Debug;
		};
		F1E9FF151610D3B585F52D81 /* Release */ = {
			isa = XCBuildConfiguration;
			buildSettings = {
				BUNDLE_LOADER = "$(TEST_HOST)";
				CLANG_ENABLE_OBJC_WEAK = NO;
				CODE_SIGN_STYLE = Automatic;
				DEVELOPMENT_TEAM = 2Y8RS9U52W;
				GENERATE_INFOPLIST_FILE = YES;
				IPHONEOS_DEPLOYMENT_TARGET = 17.0;
				PRODUCT_BUNDLE_IDENTIFIER = "com.eribert.md-Viewer.Tests";
				PRODUCT_NAME = "$(TARGET_NAME)";
				SDKROOT = iphoneos;
				SWIFT_EMIT_LOC_STRINGS = NO;
				SWIFT_VERSION = 5.0;
				TARGETED_DEVICE_FAMILY = "1,2";
				TEST_HOST = "$(BUILT_PRODUCTS_DIR)/md Viewer.app/md Viewer";
				VALIDATE_PRODUCT = YES;
			};
			name = Release;
		};
/* End XCBuildConfiguration section */

/* Begin XCConfigurationList section */
		071135083037029E00AC131E /* Build configuration list for PBXProject "md Viewer" */ = {
			isa = XCConfigurationList;
			buildConfigurations = (
				07113516303702A000AC131E /* Debug */,
				07113517303702A000AC131E /* Release */,
			);
			defaultConfigurationIsVisible = 0;
			defaultConfigurationName = Release;
		};
		07113518303702A000AC131E /* Build configuration list for PBXNativeTarget "md Viewer" */ = {
			isa = XCConfigurationList;
			buildConfigurations = (
				07113519303702A000AC131E /* Debug */,
				0711351A303702A000AC131E /* Release */,
			);
			defaultConfigurationIsVisible = 0;
			defaultConfigurationName = Release;
		};
		1D498DF7273902AADC7E693D /* Build configuration list for PBXNativeTarget "ShareExtension" */ = {
			isa = XCConfigurationList;
			buildConfigurations = (
				27B6B4511EE3A41A4E26F6E2 /* Release */,
				A800C207ECA44ACB9EDFBAB5 /* Debug */,
			);
			defaultConfigurationIsVisible = 0;
			defaultConfigurationName = Release;
		};
		4BE599179D6CCDFB5340DF6D /* Build configuration list for PBXNativeTarget "md ViewerTests" */ = {
			isa = XCConfigurationList;
			buildConfigurations = (
				F1E9FF151610D3B585F52D81 /* Release */,
				B173A41430B88134BEB7EADD /* Debug */,
			);
			defaultConfigurationIsVisible = 0;
			defaultConfigurationName = Release;
		};
/* End XCConfigurationList section */

/* Begin XCRemoteSwiftPackageReference section */
		0711351B3037043500AC131E /* XCRemoteSwiftPackageReference "swift-markdown-ui" */ = {
			isa = XCRemoteSwiftPackageReference;
			repositoryURL = "https://github.com/gonzalezreal/swift-markdown-ui";
			requirement = {
				kind = upToNextMajorVersion;
				minimumVersion = 2.4.1;
			};
		};
		F2AE9BEF13E209557D26B9E8 /* XCRemoteSwiftPackageReference "Highlightr" */ = {
			isa = XCRemoteSwiftPackageReference;
			repositoryURL = "https://github.com/raspu/Highlightr";
			requirement = {
				kind = upToNextMajorVersion;
				minimumVersion = 2.3.0;
			};
		};
/* End XCRemoteSwiftPackageReference section */

/* Begin XCSwiftPackageProductDependency section */
		02A4013D95F2D7E0A55AEF14 /* Highlightr */ = {
			isa = XCSwiftPackageProductDependency;
			package = F2AE9BEF13E209557D26B9E8 /* XCRemoteSwiftPackageReference "Highlightr" */;
			productName = Highlightr;
		};
		0711351C3037043600AC131E /* MarkdownUI */ = {
			isa = XCSwiftPackageProductDependency;
			package = 0711351B3037043500AC131E /* XCRemoteSwiftPackageReference "swift-markdown-ui" */;
			productName = MarkdownUI;
		};
		36A2044F1DB64847957E5C91 /* MarkdownUI */ = {
			isa = XCSwiftPackageProductDependency;
			package = 0711351B3037043500AC131E /* XCRemoteSwiftPackageReference "swift-markdown-ui" */;
			productName = MarkdownUI;
		};
/* End XCSwiftPackageProductDependency section */
	};
	rootObject = 071135053037029D00AC131E /* Project object */;
}
